
Microsoft Visual Studio Solution File, Format Version 12.00
# Visual Studio 15
VisualStudioVersion = 15.0.28307.168
MinimumVisualStudioVersion = 10.0.40219.1
Project("{2150E333-8FDC-42A3-9474-1A3956D46DE8}") = "EDX Courses", "EDX Courses", "{9212EB70-FC27-4F2B-B85B-C659FA0C58A0}"
EndProject
Project("{2150E333-8FDC-42A3-9474-1A3956D46DE8}") = "DS102X", "DS102X", "{0B400F3C-5762-4F41-88F0-6D2DD8327696}"
EndProject
Project("{F2A71F9B-5D33-465A-A702-920D77279786}") = "MassiveRawDataInGenomics", "EDX Courses\DS102X\MassiveRawDataInGenomics\MassiveRawDataInGenomics.fsproj", "{662283C0-580D-4C87-9580-18AE4BB9089E}"
EndProject
Project("{2150E333-8FDC-42A3-9474-1A3956D46DE8}") = "Pluralsight", "Pluralsight", "{2A724EDE-D52E-497A-A629-B4AACB0617AA}"
EndProject
Project("{2150E333-8FDC-42A3-9474-1A3956D46DE8}") = "UnitTestingWithFSharp", "UnitTestingWithFSharp", "{025CC3CB-39DB-4560-BA42-3BEF6F5321F3}"
EndProject
Project("{F2A71F9B-5D33-465A-A702-920D77279786}") = "IntroToXunit", "Pluralsight\UnitTestingWithFSharp\IntroToXunit\IntroToXunit.fsproj", "{268BEB0C-2215-4193-BA26-2C68C6FD2EC7}"
EndProject
Project("{F2A71F9B-5D33-465A-A702-920D77279786}") = "ComposedUnquoteAssertions", "Pluralsight\UnitTestingWithFSharp\ComposedUnquoteAssertions\ComposedUnquoteAssertions.fsproj", "{60D211A1-34FD-4A1B-9732-FDEAB2A818DB}"
EndProject
Project("{2150E333-8FDC-42A3-9474-1A3956D46DE8}") = "IntroductionToPropertyBasedTestingWithFSharp", "IntroductionToPropertyBasedTestingWithFSharp", "{C01CD885-E0D5-4089-AFD8-A36CF77CB90B}"
EndProject
Project("{F2A71F9B-5D33-465A-A702-920D77279786}") = "DiamondKata", "Pluralsight\IntroductionToPropertyBasedTestingWithFSharp\DiamondKata\DiamondKata.fsproj", "{F1E379CD-251A-4C16-A0E8-7D2BA6560A9E}"
EndProject
Project("{2150E333-8FDC-42A3-9474-1A3956D46DE8}") = "AdvancedUnitTesting", "AdvancedUnitTesting", "{E48887F9-83F7-481D-AADB-005FDBEC088F}"
EndProject
Project("{2150E333-8FDC-42A3-9474-1A3956D46DE8}") = "OutsideInTestDrivenDevelopment", "OutsideInTestDrivenDevelopment", "{57CCA715-6349-4033-B153-729303F313B7}"
EndProject
Project("{FAE04EC0-301F-11D3-BF4B-00C04F79EFBC}") = "RunningJournalApi.AcceptanceTests", "Pluralsight\OutsideInTestDrivenDevelopment\RunningJournalApi.AcceptanceTests\RunningJournalApi.AcceptanceTests.csproj", "{5BE2C998-FC97-41C9-88B6-4FE1212A1841}"
EndProject
Project("{FAE04EC0-301F-11D3-BF4B-00C04F79EFBC}") = "RunningJournalApi", "Pluralsight\OutsideInTestDrivenDevelopment\RunningJournalApi\RunningJournalApi.csproj", "{252893FA-D4AD-48B7-8DFC-8A580404CC45}"
EndProject
Project("{FAE04EC0-301F-11D3-BF4B-00C04F79EFBC}") = "RunningJournalApi.UnitTests", "Pluralsight\OutsideInTestDrivenDevelopment\RunningJournalApi.UnitTests\RunningJournalApi.UnitTests.csproj", "{87FF0C8C-A1DA-485C-9D88-A77BCBD9E5CC}"
EndProject
Project("{F2A71F9B-5D33-465A-A702-920D77279786}") = "InterconnectednessOfPersonalGenomes", "EDX Courses\DS102X\InterconnectednessOfPersonalGenomes\InterconnectednessOfPersonalGenomes.fsproj", "{B56029AB-5E38-4789-BE30-CE1535FA92FE}"
EndProject
Project("{2150E333-8FDC-42A3-9474-1A3956D46DE8}") = "TypeDrivenDevelopmentWithFSharp", "TypeDrivenDevelopmentWithFSharp", "{0103154A-98C7-4529-808B-223E44B6D84D}"
EndProject
Project("{F2A71F9B-5D33-465A-A702-920D77279786}") = "PollingConsumer", "Pluralsight\TypeDrivenDevelopmentWithFSharp\PollingConsumer\PollingConsumer.fsproj", "{1DA9BE65-424A-46A4-8DF7-BA60538E0190}"
EndProject
Project("{F2A71F9B-5D33-465A-A702-920D77279786}") = "PollingConsumer.Tests", "Pluralsight\TypeDrivenDevelopmentWithFSharp\PollingConsumer.Tests\PollingConsumer.Tests.fsproj", "{65DFB73E-78F8-469D-A84F-475B1DE10060}"
EndProject
Project("{2150E333-8FDC-42A3-9474-1A3956D46DE8}") = "PollingConsumerScript", "PollingConsumerScript", "{8738A1AE-119D-4D5B-9C82-F8AFC4577AC3}"
	ProjectSection(SolutionItems) = preProject
		Pluralsight\TypeDrivenDevelopmentWithFSharp\PollingConsumerScript\PollingConsumer.fsx = Pluralsight\TypeDrivenDevelopmentWithFSharp\PollingConsumerScript\PollingConsumer.fsx
	EndProjectSection
EndProject
Project("{2150E333-8FDC-42A3-9474-1A3956D46DE8}") = "FunctionalArchitectureWithFSharp", "FunctionalArchitectureWithFSharp", "{C480435B-40C0-4441-A1AB-F87C55FE3421}"
EndProject
Project("{F2A71F9B-5D33-465A-A702-920D77279786}") = "BookingApi.WebHost", "Pluralsight\FunctionalArchitectureWithFSharp\BookingApi.WebHost\BookingApi.WebHost.fsproj", "{C19778C2-F06D-47C9-8731-0C1DEC46C880}"
EndProject
Project("{F2A71F9B-5D33-465A-A702-920D77279786}") = "BookingApi", "Pluralsight\FunctionalArchitectureWithFSharp\BookingApi\BookingApi.fsproj", "{1D30AFE1-2F58-485B-B846-74996ECD7972}"
EndProject
Project("{F2A71F9B-5D33-465A-A702-920D77279786}") = "BookingApi.UnitTests", "Pluralsight\FunctionalArchitectureWithFSharp\BookingApi.UnitTests\BookingApi.UnitTests.fsproj", "{4C94C319-9517-4922-BD85-32A1EC34962E}"
EndProject
Project("{2150E333-8FDC-42A3-9474-1A3956D46DE8}") = "Experiments", "Experiments", "{A3F30FF6-3D52-4765-A32B-271E00D1F739}"
EndProject
Project("{FAE04EC0-301F-11D3-BF4B-00C04F79EFBC}") = "Tuples", "Experiments\Tuples\Tuples.csproj", "{8CDB8E0E-5859-415D-BCA2-2256B1B226C6}"
EndProject
Project("{FAE04EC0-301F-11D3-BF4B-00C04F79EFBC}") = "CSharpFeatures", "Experiments\CSharpFeatures\CSharpFeatures.csproj", "{D8B2E9DB-31EC-460A-A5C6-B57A24E93A2F}"
EndProject
Global
	GlobalSection(SolutionConfigurationPlatforms) = preSolution
		Debug|Any CPU = Debug|Any CPU
		Debug|x64 = Debug|x64
		Release|Any CPU = Release|Any CPU
		Release|x64 = Release|x64
	EndGlobalSection
	GlobalSection(ProjectConfigurationPlatforms) = postSolution
		{662283C0-580D-4C87-9580-18AE4BB9089E}.Debug|Any CPU.ActiveCfg = Debug|Any CPU
		{662283C0-580D-4C87-9580-18AE4BB9089E}.Debug|Any CPU.Build.0 = Debug|Any CPU
		{662283C0-580D-4C87-9580-18AE4BB9089E}.Debug|x64.ActiveCfg = Debug|Any CPU
		{662283C0-580D-4C87-9580-18AE4BB9089E}.Debug|x64.Build.0 = Debug|Any CPU
		{662283C0-580D-4C87-9580-18AE4BB9089E}.Release|Any CPU.ActiveCfg = Release|Any CPU
		{662283C0-580D-4C87-9580-18AE4BB9089E}.Release|Any CPU.Build.0 = Release|Any CPU
		{662283C0-580D-4C87-9580-18AE4BB9089E}.Release|x64.ActiveCfg = Release|Any CPU
		{662283C0-580D-4C87-9580-18AE4BB9089E}.Release|x64.Build.0 = Release|Any CPU
		{268BEB0C-2215-4193-BA26-2C68C6FD2EC7}.Debug|Any CPU.ActiveCfg = Debug|Any CPU
		{268BEB0C-2215-4193-BA26-2C68C6FD2EC7}.Debug|Any CPU.Build.0 = Debug|Any CPU
		{268BEB0C-2215-4193-BA26-2C68C6FD2EC7}.Debug|x64.ActiveCfg = Debug|Any CPU
		{268BEB0C-2215-4193-BA26-2C68C6FD2EC7}.Debug|x64.Build.0 = Debug|Any CPU
		{268BEB0C-2215-4193-BA26-2C68C6FD2EC7}.Release|Any CPU.ActiveCfg = Release|Any CPU
		{268BEB0C-2215-4193-BA26-2C68C6FD2EC7}.Release|Any CPU.Build.0 = Release|Any CPU
		{268BEB0C-2215-4193-BA26-2C68C6FD2EC7}.Release|x64.ActiveCfg = Release|Any CPU
		{268BEB0C-2215-4193-BA26-2C68C6FD2EC7}.Release|x64.Build.0 = Release|Any CPU
		{60D211A1-34FD-4A1B-9732-FDEAB2A818DB}.Debug|Any CPU.ActiveCfg = Debug|Any CPU
		{60D211A1-34FD-4A1B-9732-FDEAB2A818DB}.Debug|Any CPU.Build.0 = Debug|Any CPU
		{60D211A1-34FD-4A1B-9732-FDEAB2A818DB}.Debug|x64.ActiveCfg = Debug|Any CPU
		{60D211A1-34FD-4A1B-9732-FDEAB2A818DB}.Debug|x64.Build.0 = Debug|Any CPU
		{60D211A1-34FD-4A1B-9732-FDEAB2A818DB}.Release|Any CPU.ActiveCfg = Release|Any CPU
		{60D211A1-34FD-4A1B-9732-FDEAB2A818DB}.Release|Any CPU.Build.0 = Release|Any CPU
		{60D211A1-34FD-4A1B-9732-FDEAB2A818DB}.Release|x64.ActiveCfg = Release|Any CPU
		{60D211A1-34FD-4A1B-9732-FDEAB2A818DB}.Release|x64.Build.0 = Release|Any CPU
		{F1E379CD-251A-4C16-A0E8-7D2BA6560A9E}.Debug|Any CPU.ActiveCfg = Debug|Any CPU
		{F1E379CD-251A-4C16-A0E8-7D2BA6560A9E}.Debug|Any CPU.Build.0 = Debug|Any CPU
		{F1E379CD-251A-4C16-A0E8-7D2BA6560A9E}.Debug|x64.ActiveCfg = Debug|Any CPU
		{F1E379CD-251A-4C16-A0E8-7D2BA6560A9E}.Debug|x64.Build.0 = Debug|Any CPU
		{F1E379CD-251A-4C16-A0E8-7D2BA6560A9E}.Release|Any CPU.ActiveCfg = Release|Any CPU
		{F1E379CD-251A-4C16-A0E8-7D2BA6560A9E}.Release|Any CPU.Build.0 = Release|Any CPU
		{F1E379CD-251A-4C16-A0E8-7D2BA6560A9E}.Release|x64.ActiveCfg = Release|Any CPU
		{F1E379CD-251A-4C16-A0E8-7D2BA6560A9E}.Release|x64.Build.0 = Release|Any CPU
		{5BE2C998-FC97-41C9-88B6-4FE1212A1841}.Debug|Any CPU.ActiveCfg = Debug|Any CPU
		{5BE2C998-FC97-41C9-88B6-4FE1212A1841}.Debug|Any CPU.Build.0 = Debug|Any CPU
		{5BE2C998-FC97-41C9-88B6-4FE1212A1841}.Debug|x64.ActiveCfg = Debug|Any CPU
		{5BE2C998-FC97-41C9-88B6-4FE1212A1841}.Debug|x64.Build.0 = Debug|Any CPU
		{5BE2C998-FC97-41C9-88B6-4FE1212A1841}.Release|Any CPU.ActiveCfg = Release|Any CPU
		{5BE2C998-FC97-41C9-88B6-4FE1212A1841}.Release|Any CPU.Build.0 = Release|Any CPU
		{5BE2C998-FC97-41C9-88B6-4FE1212A1841}.Release|x64.ActiveCfg = Release|Any CPU
		{5BE2C998-FC97-41C9-88B6-4FE1212A1841}.Release|x64.Build.0 = Release|Any CPU
		{252893FA-D4AD-48B7-8DFC-8A580404CC45}.Debug|Any CPU.ActiveCfg = Debug|Any CPU
		{252893FA-D4AD-48B7-8DFC-8A580404CC45}.Debug|Any CPU.Build.0 = Debug|Any CPU
		{252893FA-D4AD-48B7-8DFC-8A580404CC45}.Debug|x64.ActiveCfg = Debug|Any CPU
		{252893FA-D4AD-48B7-8DFC-8A580404CC45}.Debug|x64.Build.0 = Debug|Any CPU
		{252893FA-D4AD-48B7-8DFC-8A580404CC45}.Release|Any CPU.ActiveCfg = Release|Any CPU
		{252893FA-D4AD-48B7-8DFC-8A580404CC45}.Release|Any CPU.Build.0 = Release|Any CPU
		{252893FA-D4AD-48B7-8DFC-8A580404CC45}.Release|x64.ActiveCfg = Release|Any CPU
		{252893FA-D4AD-48B7-8DFC-8A580404CC45}.Release|x64.Build.0 = Release|Any CPU
		{87FF0C8C-A1DA-485C-9D88-A77BCBD9E5CC}.Debug|Any CPU.ActiveCfg = Debug|Any CPU
		{87FF0C8C-A1DA-485C-9D88-A77BCBD9E5CC}.Debug|Any CPU.Build.0 = Debug|Any CPU
		{87FF0C8C-A1DA-485C-9D88-A77BCBD9E5CC}.Debug|x64.ActiveCfg = Debug|Any CPU
		{87FF0C8C-A1DA-485C-9D88-A77BCBD9E5CC}.Debug|x64.Build.0 = Debug|Any CPU
		{87FF0C8C-A1DA-485C-9D88-A77BCBD9E5CC}.Release|Any CPU.ActiveCfg = Release|Any CPU
		{87FF0C8C-A1DA-485C-9D88-A77BCBD9E5CC}.Release|Any CPU.Build.0 = Release|Any CPU
		{87FF0C8C-A1DA-485C-9D88-A77BCBD9E5CC}.Release|x64.ActiveCfg = Release|Any CPU
		{87FF0C8C-A1DA-485C-9D88-A77BCBD9E5CC}.Release|x64.Build.0 = Release|Any CPU
		{B56029AB-5E38-4789-BE30-CE1535FA92FE}.Debug|Any CPU.ActiveCfg = Debug|Any CPU
		{B56029AB-5E38-4789-BE30-CE1535FA92FE}.Debug|Any CPU.Build.0 = Debug|Any CPU
		{B56029AB-5E38-4789-BE30-CE1535FA92FE}.Debug|x64.ActiveCfg = Debug|Any CPU
		{B56029AB-5E38-4789-BE30-CE1535FA92FE}.Debug|x64.Build.0 = Debug|Any CPU
		{B56029AB-5E38-4789-BE30-CE1535FA92FE}.Release|Any CPU.ActiveCfg = Release|Any CPU
		{B56029AB-5E38-4789-BE30-CE1535FA92FE}.Release|Any CPU.Build.0 = Release|Any CPU
		{B56029AB-5E38-4789-BE30-CE1535FA92FE}.Release|x64.ActiveCfg = Release|Any CPU
		{B56029AB-5E38-4789-BE30-CE1535FA92FE}.Release|x64.Build.0 = Release|Any CPU
		{1DA9BE65-424A-46A4-8DF7-BA60538E0190}.Debug|Any CPU.ActiveCfg = Debug|Any CPU
		{1DA9BE65-424A-46A4-8DF7-BA60538E0190}.Debug|Any CPU.Build.0 = Debug|Any CPU
		{1DA9BE65-424A-46A4-8DF7-BA60538E0190}.Debug|x64.ActiveCfg = Debug|Any CPU
		{1DA9BE65-424A-46A4-8DF7-BA60538E0190}.Debug|x64.Build.0 = Debug|Any CPU
		{1DA9BE65-424A-46A4-8DF7-BA60538E0190}.Release|Any CPU.ActiveCfg = Release|Any CPU
		{1DA9BE65-424A-46A4-8DF7-BA60538E0190}.Release|Any CPU.Build.0 = Release|Any CPU
		{1DA9BE65-424A-46A4-8DF7-BA60538E0190}.Release|x64.ActiveCfg = Release|Any CPU
		{1DA9BE65-424A-46A4-8DF7-BA60538E0190}.Release|x64.Build.0 = Release|Any CPU
		{65DFB73E-78F8-469D-A84F-475B1DE10060}.Debug|Any CPU.ActiveCfg = Debug|Any CPU
		{65DFB73E-78F8-469D-A84F-475B1DE10060}.Debug|Any CPU.Build.0 = Debug|Any CPU
		{65DFB73E-78F8-469D-A84F-475B1DE10060}.Debug|x64.ActiveCfg = Debug|Any CPU
		{65DFB73E-78F8-469D-A84F-475B1DE10060}.Debug|x64.Build.0 = Debug|Any CPU
		{65DFB73E-78F8-469D-A84F-475B1DE10060}.Release|Any CPU.ActiveCfg = Release|Any CPU
		{65DFB73E-78F8-469D-A84F-475B1DE10060}.Release|Any CPU.Build.0 = Release|Any CPU
		{65DFB73E-78F8-469D-A84F-475B1DE10060}.Release|x64.ActiveCfg = Release|Any CPU
		{65DFB73E-78F8-469D-A84F-475B1DE10060}.Release|x64.Build.0 = Release|Any CPU
		{C19778C2-F06D-47C9-8731-0C1DEC46C880}.Debug|Any CPU.ActiveCfg = Debug|Any CPU
		{C19778C2-F06D-47C9-8731-0C1DEC46C880}.Debug|Any CPU.Build.0 = Debug|Any CPU
		{C19778C2-F06D-47C9-8731-0C1DEC46C880}.Debug|x64.ActiveCfg = Debug|Any CPU
		{C19778C2-F06D-47C9-8731-0C1DEC46C880}.Debug|x64.Build.0 = Debug|Any CPU
		{C19778C2-F06D-47C9-8731-0C1DEC46C880}.Release|Any CPU.ActiveCfg = Release|Any CPU
		{C19778C2-F06D-47C9-8731-0C1DEC46C880}.Release|Any CPU.Build.0 = Release|Any CPU
		{C19778C2-F06D-47C9-8731-0C1DEC46C880}.Release|x64.ActiveCfg = Release|Any CPU
		{C19778C2-F06D-47C9-8731-0C1DEC46C880}.Release|x64.Build.0 = Release|Any CPU
		{1D30AFE1-2F58-485B-B846-74996ECD7972}.Debug|Any CPU.ActiveCfg = Debug|Any CPU
		{1D30AFE1-2F58-485B-B846-74996ECD7972}.Debug|Any CPU.Build.0 = Debug|Any CPU
		{1D30AFE1-2F58-485B-B846-74996ECD7972}.Debug|x64.ActiveCfg = Debug|Any CPU
		{1D30AFE1-2F58-485B-B846-74996ECD7972}.Debug|x64.Build.0 = Debug|Any CPU
		{1D30AFE1-2F58-485B-B846-74996ECD7972}.Release|Any CPU.ActiveCfg = Release|Any CPU
		{1D30AFE1-2F58-485B-B846-74996ECD7972}.Release|Any CPU.Build.0 = Release|Any CPU
		{1D30AFE1-2F58-485B-B846-74996ECD7972}.Release|x64.ActiveCfg = Release|Any CPU
		{1D30AFE1-2F58-485B-B846-74996ECD7972}.Release|x64.Build.0 = Release|Any CPU
		{4C94C319-9517-4922-BD85-32A1EC34962E}.Debug|Any CPU.ActiveCfg = Debug|Any CPU
		{4C94C319-9517-4922-BD85-32A1EC34962E}.Debug|Any CPU.Build.0 = Debug|Any CPU
		{4C94C319-9517-4922-BD85-32A1EC34962E}.Debug|x64.ActiveCfg = Debug|Any CPU
		{4C94C319-9517-4922-BD85-32A1EC34962E}.Debug|x64.Build.0 = Debug|Any CPU
		{4C94C319-9517-4922-BD85-32A1EC34962E}.Release|Any CPU.ActiveCfg = Release|Any CPU
		{4C94C319-9517-4922-BD85-32A1EC34962E}.Release|Any CPU.Build.0 = Release|Any CPU
		{4C94C319-9517-4922-BD85-32A1EC34962E}.Release|x64.ActiveCfg = Release|Any CPU
		{4C94C319-9517-4922-BD85-32A1EC34962E}.Release|x64.Build.0 = Release|Any CPU
		{8CDB8E0E-5859-415D-BCA2-2256B1B226C6}.Debug|Any CPU.ActiveCfg = Debug|Any CPU
		{8CDB8E0E-5859-415D-BCA2-2256B1B226C6}.Debug|Any CPU.Build.0 = Debug|Any CPU
		{8CDB8E0E-5859-415D-BCA2-2256B1B226C6}.Debug|x64.ActiveCfg = Debug|Any CPU
		{8CDB8E0E-5859-415D-BCA2-2256B1B226C6}.Debug|x64.Build.0 = Debug|Any CPU
		{8CDB8E0E-5859-415D-BCA2-2256B1B226C6}.Release|Any CPU.ActiveCfg = Release|Any CPU
		{8CDB8E0E-5859-415D-BCA2-2256B1B226C6}.Release|Any CPU.Build.0 = Release|Any CPU
		{8CDB8E0E-5859-415D-BCA2-2256B1B226C6}.Release|x64.ActiveCfg = Release|Any CPU
		{8CDB8E0E-5859-415D-BCA2-2256B1B226C6}.Release|x64.Build.0 = Release|Any CPU
		{D8B2E9DB-31EC-460A-A5C6-B57A24E93A2F}.Debug|Any CPU.ActiveCfg = Debug|Any CPU
		{D8B2E9DB-31EC-460A-A5C6-B57A24E93A2F}.Debug|Any CPU.Build.0 = Debug|Any CPU
		{D8B2E9DB-31EC-460A-A5C6-B57A24E93A2F}.Debug|x64.ActiveCfg = Debug|Any CPU
		{D8B2E9DB-31EC-460A-A5C6-B57A24E93A2F}.Debug|x64.Build.0 = Debug|Any CPU
		{D8B2E9DB-31EC-460A-A5C6-B57A24E93A2F}.Release|Any CPU.ActiveCfg = Release|Any CPU
		{D8B2E9DB-31EC-460A-A5C6-B57A24E93A2F}.Release|Any CPU.Build.0 = Release|Any CPU
		{D8B2E9DB-31EC-460A-A5C6-B57A24E93A2F}.Release|x64.ActiveCfg = Release|Any CPU
		{D8B2E9DB-31EC-460A-A5C6-B57A24E93A2F}.Release|x64.Build.0 = Release|Any CPU
	EndGlobalSection
	GlobalSection(SolutionProperties) = preSolution
		HideSolutionNode = FALSE
	EndGlobalSection
	GlobalSection(NestedProjects) = preSolution
		{0B400F3C-5762-4F41-88F0-6D2DD8327696} = {9212EB70-FC27-4F2B-B85B-C659FA0C58A0}
		{662283C0-580D-4C87-9580-18AE4BB9089E} = {0B400F3C-5762-4F41-88F0-6D2DD8327696}
		{025CC3CB-39DB-4560-BA42-3BEF6F5321F3} = {2A724EDE-D52E-497A-A629-B4AACB0617AA}
		{268BEB0C-2215-4193-BA26-2C68C6FD2EC7} = {025CC3CB-39DB-4560-BA42-3BEF6F5321F3}
		{60D211A1-34FD-4A1B-9732-FDEAB2A818DB} = {025CC3CB-39DB-4560-BA42-3BEF6F5321F3}
		{C01CD885-E0D5-4089-AFD8-A36CF77CB90B} = {2A724EDE-D52E-497A-A629-B4AACB0617AA}
		{F1E379CD-251A-4C16-A0E8-7D2BA6560A9E} = {C01CD885-E0D5-4089-AFD8-A36CF77CB90B}
		{E48887F9-83F7-481D-AADB-005FDBEC088F} = {2A724EDE-D52E-497A-A629-B4AACB0617AA}
		{57CCA715-6349-4033-B153-729303F313B7} = {2A724EDE-D52E-497A-A629-B4AACB0617AA}
		{5BE2C998-FC97-41C9-88B6-4FE1212A1841} = {57CCA715-6349-4033-B153-729303F313B7}
		{252893FA-D4AD-48B7-8DFC-8A580404CC45} = {57CCA715-6349-4033-B153-729303F313B7}
		{87FF0C8C-A1DA-485C-9D88-A77BCBD9E5CC} = {57CCA715-6349-4033-B153-729303F313B7}
		{B56029AB-5E38-4789-BE30-CE1535FA92FE} = {0B400F3C-5762-4F41-88F0-6D2DD8327696}
		{0103154A-98C7-4529-808B-223E44B6D84D} = {2A724EDE-D52E-497A-A629-B4AACB0617AA}
		{1DA9BE65-424A-46A4-8DF7-BA60538E0190} = {0103154A-98C7-4529-808B-223E44B6D84D}
		{65DFB73E-78F8-469D-A84F-475B1DE10060} = {0103154A-98C7-4529-808B-223E44B6D84D}
		{8738A1AE-119D-4D5B-9C82-F8AFC4577AC3} = {0103154A-98C7-4529-808B-223E44B6D84D}
		{C480435B-40C0-4441-A1AB-F87C55FE3421} = {2A724EDE-D52E-497A-A629-B4AACB0617AA}
		{C19778C2-F06D-47C9-8731-0C1DEC46C880} = {C480435B-40C0-4441-A1AB-F87C55FE3421}
		{1D30AFE1-2F58-485B-B846-74996ECD7972} = {C480435B-40C0-4441-A1AB-F87C55FE3421}
		{4C94C319-9517-4922-BD85-32A1EC34962E} = {C480435B-40C0-4441-A1AB-F87C55FE3421}
		{8CDB8E0E-5859-415D-BCA2-2256B1B226C6} = {A3F30FF6-3D52-4765-A32B-271E00D1F739}
		{D8B2E9DB-31EC-460A-A5C6-B57A24E93A2F} = {A3F30FF6-3D52-4765-A32B-271E00D1F739}
	EndGlobalSection
	GlobalSection(ExtensibilityGlobals) = postSolution
		SolutionGuid = {ECCE45CF-24C7-4531-BB8A-ABC09983AD60}
	EndGlobalSection
EndGlobal
