
Microsoft Visual Studio Solution File, Format Version 12.00
# Visual Studio 14
VisualStudioVersion = 14.0.23107.0
MinimumVisualStudioVersion = 10.0.40219.1
Project("{2150E333-8FDC-42A3-9474-1A3956D46DE8}") = "EDX Courses", "EDX Courses", "{9212EB70-FC27-4F2B-B85B-C659FA0C58A0}"
EndProject
Project("{2150E333-8FDC-42A3-9474-1A3956D46DE8}") = "DS102X", "DS102X", "{0B400F3C-5762-4F41-88F0-6D2DD8327696}"
EndProject
Project("{F2A71F9B-5D33-465A-A702-920D77279786}") = "MassiveRawDataInGenomics", "EDX Courses\DS102X\MassiveRawDataInGenomics\MassiveRawDataInGenomics.fsproj", "{662283C0-580D-4C87-9580-18AE4BB9089E}"
EndProject
Project("{2150E333-8FDC-42A3-9474-1A3956D46DE8}") = "Pluralsight", "Pluralsight", "{2A724EDE-D52E-497A-A629-B4AACB0617AA}"
EndProject
Project("{2150E333-8FDC-42A3-9474-1A3956D46DE8}") = "UnitTestingWithFSharp", "UnitTestingWithFSharp", "{025CC3CB-39DB-4560-BA42-3BEF6F5321F3}"
EndProject
Project("{F2A71F9B-5D33-465A-A702-920D77279786}") = "IntroToXunit", "Pluralsight\UnitTestingWithFSharp\IntroToXunit\IntroToXunit.fsproj", "{268BEB0C-2215-4193-BA26-2C68C6FD2EC7}"
EndProject
Project("{F2A71F9B-5D33-465A-A702-920D77279786}") = "ComposedUnquoteAssertions", "Pluralsight\UnitTestingWithFSharp\ComposedUnquoteAssertions\ComposedUnquoteAssertions.fsproj", "{60D211A1-34FD-4A1B-9732-FDEAB2A818DB}"
EndProject
Project("{2150E333-8FDC-42A3-9474-1A3956D46DE8}") = "IntroductionToPropertyBasedTestingWithFSharp", "IntroductionToPropertyBasedTestingWithFSharp", "{C01CD885-E0D5-4089-AFD8-A36CF77CB90B}"
EndProject
Project("{F2A71F9B-5D33-465A-A702-920D77279786}") = "DiamondKata", "Pluralsight\IntroductionToPropertyBasedTestingWithFSharp\DiamondKata\DiamondKata.fsproj", "{F1E379CD-251A-4C16-A0E8-7D2BA6560A9E}"
EndProject
Global
	GlobalSection(SolutionConfigurationPlatforms) = preSolution
		Debug|Any CPU = Debug|Any CPU
		Release|Any CPU = Release|Any CPU
	EndGlobalSection
	GlobalSection(ProjectConfigurationPlatforms) = postSolution
		{662283C0-580D-4C87-9580-18AE4BB9089E}.Debug|Any CPU.ActiveCfg = Debug|Any CPU
		{662283C0-580D-4C87-9580-18AE4BB9089E}.Debug|Any CPU.Build.0 = Debug|Any CPU
		{662283C0-580D-4C87-9580-18AE4BB9089E}.Release|Any CPU.ActiveCfg = Release|Any CPU
		{662283C0-580D-4C87-9580-18AE4BB9089E}.Release|Any CPU.Build.0 = Release|Any CPU
		{268BEB0C-2215-4193-BA26-2C68C6FD2EC7}.Debug|Any CPU.ActiveCfg = Debug|Any CPU
		{268BEB0C-2215-4193-BA26-2C68C6FD2EC7}.Debug|Any CPU.Build.0 = Debug|Any CPU
		{268BEB0C-2215-4193-BA26-2C68C6FD2EC7}.Release|Any CPU.ActiveCfg = Release|Any CPU
		{268BEB0C-2215-4193-BA26-2C68C6FD2EC7}.Release|Any CPU.Build.0 = Release|Any CPU
		{60D211A1-34FD-4A1B-9732-FDEAB2A818DB}.Debug|Any CPU.ActiveCfg = Debug|Any CPU
		{60D211A1-34FD-4A1B-9732-FDEAB2A818DB}.Debug|Any CPU.Build.0 = Debug|Any CPU
		{60D211A1-34FD-4A1B-9732-FDEAB2A818DB}.Release|Any CPU.ActiveCfg = Release|Any CPU
		{60D211A1-34FD-4A1B-9732-FDEAB2A818DB}.Release|Any CPU.Build.0 = Release|Any CPU
		{F1E379CD-251A-4C16-A0E8-7D2BA6560A9E}.Debug|Any CPU.ActiveCfg = Debug|Any CPU
		{F1E379CD-251A-4C16-A0E8-7D2BA6560A9E}.Debug|Any CPU.Build.0 = Debug|Any CPU
		{F1E379CD-251A-4C16-A0E8-7D2BA6560A9E}.Release|Any CPU.ActiveCfg = Release|Any CPU
		{F1E379CD-251A-4C16-A0E8-7D2BA6560A9E}.Release|Any CPU.Build.0 = Release|Any CPU
	EndGlobalSection
	GlobalSection(SolutionProperties) = preSolution
		HideSolutionNode = FALSE
	EndGlobalSection
	GlobalSection(NestedProjects) = preSolution
		{0B400F3C-5762-4F41-88F0-6D2DD8327696} = {9212EB70-FC27-4F2B-B85B-C659FA0C58A0}
		{662283C0-580D-4C87-9580-18AE4BB9089E} = {0B400F3C-5762-4F41-88F0-6D2DD8327696}
		{025CC3CB-39DB-4560-BA42-3BEF6F5321F3} = {2A724EDE-D52E-497A-A629-B4AACB0617AA}
		{268BEB0C-2215-4193-BA26-2C68C6FD2EC7} = {025CC3CB-39DB-4560-BA42-3BEF6F5321F3}
		{60D211A1-34FD-4A1B-9732-FDEAB2A818DB} = {025CC3CB-39DB-4560-BA42-3BEF6F5321F3}
		{C01CD885-E0D5-4089-AFD8-A36CF77CB90B} = {2A724EDE-D52E-497A-A629-B4AACB0617AA}
		{F1E379CD-251A-4C16-A0E8-7D2BA6560A9E} = {C01CD885-E0D5-4089-AFD8-A36CF77CB90B}
	EndGlobalSection
EndGlobal
